lockfileVersion: 5.4

importers:

  .:
    specifiers: {}

  packages/app1:
    specifiers:
      foo: workspace:*
      foo-peer: 1.0.0
    dependencies:
      foo: link:../foo
      foo-peer: 1.0.0

  packages/app2:
    specifiers:
      foo: workspace:*
      foo-peer: 2.0.0
    dependencies:
      foo: link:../foo
      foo-peer: 2.0.0

  packages/foo:
    specifiers: {}

packages:

  /foo-peer/1.0.0:
    resolution: {integrity: sha512-lTHtr83GZm3vo8VJsmk6c5rPAWXSWoy8VvjCNmy+WOi9GenV2QNcLKxIwLSX5VfnRt4r32JA8MQXZWznQ1HfbQ==}
    dev: false

  /foo-peer/2.0.0:
    resolution: {integrity: sha512-F7S0uo2MwztykOINyIlz+vWaJ/qklnY02Q66QeC4eEs26wsPGFu/DEl+VJPZ/tOf44WlczXxHEuNolfEI++FBQ==}
    dev: false
