lockfileVersion: 5.4

importers:

  .:
    specifiers: {}

  packages/app:
    specifiers:
      app1: worksapce
      app2: workspace
      foo-peer: 1.0.0
    dependencies:
      app1: link:../app1
      app2: link:../app2
      foo-peer: 1.0.0

  packages/app1:
    specifiers:
      foo-peer: 1.0.0
      pnpm-foo: 1.0.0
    dependencies:
      foo-peer: 1.0.0
      pnpm-foo: 1.0.0_foo-peer@1.0.0

  packages/app2:
    specifiers:
      foo-peer: 1.0.0
      pnpm-foo: 1.0.0
    dependencies:
      foo-peer: 1.0.0
      pnpm-foo: 1.0.0_foo-peer@1.0.0

packages:

  /foo-peer/1.0.0:
    resolution: {integrity: sha512-lTHtr83GZm3vo8VJsmk6c5rPAWXSWoy8VvjCNmy+WOi9GenV2QNcLKxIwLSX5VfnRt4r32JA8MQXZWznQ1HfbQ==}
    dev: false

  /pnpm-foo/1.0.0_foo-peer@1.0.0:
    resolution: {integrity: sha512-ZsQm7tH7S7Zjm0ml+VdnleuPX+c0rLbEMX2vcd7kePRfh6MPLMuSE7GYJCkQuQ2l5iyIE5nQpBIN33J/gpjmfg==}
    peerDependencies:
      foo-peer: '*'
    dependencies:
      foo-peer: 1.0.0
      the-answer: 1.0.0
    dev: false

  /the-answer/1.0.0:
    resolution: {integrity: sha1-bbxMnbRp1PQ3EgsJ5EcA/DIPFws=}
    dev: false
